{
    "_readme": [
        "This file locks the dependencies of your project to a known state",
        "Read more about it at https://getcomposer.org/doc/01-basic-usage.md#installing-dependencies",
        "This file is @generated automatically"
    ],
    "content-hash": "77b797d29ee749f8403dfa43113a3d59",
    "packages": [
        {
            "name": "codeigniter4/settings",
            "version": "v2.2.0",
            "source": {
                "type": "git",
                "url": "https://github.com/codeigniter4/settings.git",
                "reference": "2748f2b4572d44a940f98c31847d65272cac5666"
            },
            "dist": {
                "type": "zip",
                "url": "https://api.github.com/repos/codeigniter4/settings/zipball/2748f2b4572d44a940f98c31847d65272cac5666",
                "reference": "2748f2b4572d44a940f98c31847d65272cac5666",
                "shasum": ""
            },
            "require": {
                "php": "^7.4 || ^8.0"
            },
            "require-dev": {
                "codeigniter4/devkit": "^1.1.2",
                "codeigniter4/framework": "^4.2.3",
                "rector/rector": "0.18.13"
            },
            "type": "library",
            "autoload": {
                "psr-4": {
                    "CodeIgniter\\Settings\\": "src"
                },
                "exclude-from-classmap": [
                    "**/Database/Migrations/**"
                ]
            },
            "notification-url": "https://packagist.org/downloads/",
            "license": [
                "MIT"
            ],
            "authors": [
                {
                    "name": "Lonnie Ezell",
                    "email": "lonnieje@gmail.com",
                    "role": "Developer"
                }
            ],
            "description": "Settings library for CodeIgniter 4",
            "homepage": "https://github.com/codeigniter4/settings",
            "keywords": [
                "Settings",
                "codeigniter",
                "codeigniter4"
            ],
            "support": {
                "issues": "https://github.com/codeigniter4/settings/issues",
                "source": "https://github.com/codeigniter4/settings/tree/v2.2.0"
            },
            "time": "2024-01-06T07:10:58+00:00"
        },
        {
            "name": "codeigniter4/shield",
            "version": "dev-develop",
            "source": {
                "type": "git",
                "url": "https://github.com/codeigniter4/shield.git",
                "reference": "57d5d5c40e2e13941f01b8197ab586784d431b46"
            },
            "dist": {
                "type": "zip",
                "url": "https://api.github.com/repos/codeigniter4/shield/zipball/57d5d5c40e2e13941f01b8197ab586784d431b46",
                "reference": "57d5d5c40e2e13941f01b8197ab586784d431b46",
                "shasum": ""
            },
            "require": {
                "codeigniter4/settings": "^2.1",
                "php": "^8.1"
            },
            "provide": {
                "codeigniter4/authentication-implementation": "1.0"
            },
            "require-dev": {
                "codeigniter/phpstan-codeigniter": "^1.3",
                "codeigniter4/devkit": "^1.3",
                "codeigniter4/framework": ">=4.3.5 <4.5.0 || ^4.5.1",
                "firebase/php-jwt": "^6.4",
                "mikey179/vfsstream": "^1.6.7",
                "mockery/mockery": "^1.0",
                "phpstan/phpstan-strict-rules": "^2.0"
            },
            "suggest": {
                "ext-curl": "Required to use the password validation rule via PwnedValidator class.",
                "ext-openssl": "Required to use the JWT Authenticator."
            },
            "default-branch": true,
            "type": "library",
            "autoload": {
                "psr-4": {
                    "CodeIgniter\\Shield\\": "src"
                },
                "exclude-from-classmap": [
                    "**/Database/Migrations/**"
                ]
            },
            "notification-url": "https://packagist.org/downloads/",
            "license": [
                "MIT"
            ],
            "authors": [
                {
                    "name": "Lonnie Ezell",
                    "email": "lonnieje@gmail.com",
                    "role": "Developer"
                }
            ],
            "description": "Authentication and Authorization for CodeIgniter 4",
            "homepage": "https://github.com/codeigniter4/shield",
            "keywords": [
                "Authentication",
                "authorization",
                "codeigniter",
                "codeigniter4"
            ],
            "support": {
                "docs": "https://codeigniter4.github.io/shield/",
                "forum": "https://github.com/codeigniter4/shield/discussions",
                "issues": "https://github.com/codeigniter4/shield/issues",
                "slack": "https://codeigniterchat.slack.com",
                "source": "https://github.com/codeigniter4/shield"
            },
            "time": "2025-02-28T07:10:44+00:00"
        }
    ],
    "packages-dev": [],
    "aliases": [],
    "minimum-stability": "dev",
    "stability-flags": {
        "codeigniter4/shield": 20
    },
    "prefer-stable": true,
    "prefer-lowest": false,
    "platform": {},
    "platform-dev": {},
    "plugin-api-version": "2.6.0"
}
